
Microsoft Visual Studio Solution File, Format Version 11.00
# Visual Studio 2010
Project("{FAE04EC0-301F-11D3-BF4B-00C04F79EFBC}") = "YacqPlugin", "YacqPlugin\YacqPlugin.csproj", "{38D6A340-55DF-4F00-852A-045CD5591CF6}"
EndProject
Project("{2150E333-8FDC-42A3-9474-1A3956D46DE8}") = "lib", "lib", "{634A7909-15C3-40BA-8A96-CEB8BD2EF99F}"
EndProject
Project("{FAE04EC0-301F-11D3-BF4B-00C04F79EFBC}") = "Yacq", "Yacq\Yacq\Yacq.csproj", "{AF21A720-B805-4F95-B872-068925A11BB5}"
EndProject
Project("{FAE04EC0-301F-11D3-BF4B-00C04F79EFBC}") = "Mystique", "Mystique\Mystique\Mystique.csproj", "{9E55F0C5-D9AE-46E7-86CD-32AAC79F7C69}"
EndProject
Project("{FAE04EC0-301F-11D3-BF4B-00C04F79EFBC}") = "Inscribe", "Mystique\Inscribe\Inscribe.csproj", "{FE3EC1D6-4A61-4E6D-915B-5EED8AE046D2}"
EndProject
Project("{FAE04EC0-301F-11D3-BF4B-00C04F79EFBC}") = "Dulcet", "Mystique\Dulcet\Dulcet.csproj", "{8D33449B-0BD8-4873-B872-0E91FA7EBC4B}"
EndProject
Project("{FAE04EC0-301F-11D3-BF4B-00C04F79EFBC}") = "Acuerdo", "Mystique\Acuerdo\Acuerdo.csproj", "{B0E2A5B6-420C-4437-B995-9E31149078E6}"
EndProject
Project("{FAE04EC0-301F-11D3-BF4B-00C04F79EFBC}") = "Nightmare", "Mystique\Nightmare\Nightmare.csproj", "{2E6A1FEF-EDC5-4588-99A0-A70EC237FB28}"
EndProject
Project("{2150E333-8FDC-42A3-9474-1A3956D46DE8}") = "Solution Items", "Solution Items", "{415467AA-79AA-4DE8-B358-5BEABFFCC7C1}"
	ProjectSection(SolutionItems) = preProject
		Readme.txt = Readme.txt
	EndProjectSection
EndProject
Global
	GlobalSection(SolutionConfigurationPlatforms) = preSolution
		Debug|Any CPU = Debug|Any CPU
		Debug|x86 = Debug|x86
		DebugNoSign|Any CPU = DebugNoSign|Any CPU
		DebugNoSign|x86 = DebugNoSign|x86
		Release|Any CPU = Release|Any CPU
		Release|x86 = Release|x86
		ReleaseNoSign|Any CPU = ReleaseNoSign|Any CPU
		ReleaseNoSign|x86 = ReleaseNoSign|x86
	EndGlobalSection
	GlobalSection(ProjectConfigurationPlatforms) = postSolution
		{38D6A340-55DF-4F00-852A-045CD5591CF6}.Debug|Any CPU.ActiveCfg = Debug|Any CPU
		{38D6A340-55DF-4F00-852A-045CD5591CF6}.Debug|Any CPU.Build.0 = Debug|Any CPU
		{38D6A340-55DF-4F00-852A-045CD5591CF6}.Debug|x86.ActiveCfg = Debug|Any CPU
		{38D6A340-55DF-4F00-852A-045CD5591CF6}.DebugNoSign|Any CPU.ActiveCfg = Debug|Any CPU
		{38D6A340-55DF-4F00-852A-045CD5591CF6}.DebugNoSign|Any CPU.Build.0 = Debug|Any CPU
		{38D6A340-55DF-4F00-852A-045CD5591CF6}.DebugNoSign|x86.ActiveCfg = Debug|Any CPU
		{38D6A340-55DF-4F00-852A-045CD5591CF6}.Release|Any CPU.ActiveCfg = Release|Any CPU
		{38D6A340-55DF-4F00-852A-045CD5591CF6}.Release|Any CPU.Build.0 = Release|Any CPU
		{38D6A340-55DF-4F00-852A-045CD5591CF6}.Release|x86.ActiveCfg = Release|Any CPU
		{38D6A340-55DF-4F00-852A-045CD5591CF6}.ReleaseNoSign|Any CPU.ActiveCfg = Release|Any CPU
		{38D6A340-55DF-4F00-852A-045CD5591CF6}.ReleaseNoSign|Any CPU.Build.0 = Release|Any CPU
		{38D6A340-55DF-4F00-852A-045CD5591CF6}.ReleaseNoSign|x86.ActiveCfg = Release|Any CPU
		{AF21A720-B805-4F95-B872-068925A11BB5}.Debug|Any CPU.ActiveCfg = Debug|Any CPU
		{AF21A720-B805-4F95-B872-068925A11BB5}.Debug|Any CPU.Build.0 = Debug|Any CPU
		{AF21A720-B805-4F95-B872-068925A11BB5}.Debug|x86.ActiveCfg = Debug|Any CPU
		{AF21A720-B805-4F95-B872-068925A11BB5}.DebugNoSign|Any CPU.ActiveCfg = DebugNoSign|Any CPU
		{AF21A720-B805-4F95-B872-068925A11BB5}.DebugNoSign|Any CPU.Build.0 = DebugNoSign|Any CPU
		{AF21A720-B805-4F95-B872-068925A11BB5}.DebugNoSign|x86.ActiveCfg = DebugNoSign|Any CPU
		{AF21A720-B805-4F95-B872-068925A11BB5}.Release|Any CPU.ActiveCfg = Release|Any CPU
		{AF21A720-B805-4F95-B872-068925A11BB5}.Release|Any CPU.Build.0 = Release|Any CPU
		{AF21A720-B805-4F95-B872-068925A11BB5}.Release|x86.ActiveCfg = Release|Any CPU
		{AF21A720-B805-4F95-B872-068925A11BB5}.ReleaseNoSign|Any CPU.ActiveCfg = ReleaseNoSign|Any CPU
		{AF21A720-B805-4F95-B872-068925A11BB5}.ReleaseNoSign|Any CPU.Build.0 = ReleaseNoSign|Any CPU
		{AF21A720-B805-4F95-B872-068925A11BB5}.ReleaseNoSign|x86.ActiveCfg = ReleaseNoSign|Any CPU
		{9E55F0C5-D9AE-46E7-86CD-32AAC79F7C69}.Debug|Any CPU.ActiveCfg = Debug|Any CPU
		{9E55F0C5-D9AE-46E7-86CD-32AAC79F7C69}.Debug|Any CPU.Build.0 = Debug|Any CPU
		{9E55F0C5-D9AE-46E7-86CD-32AAC79F7C69}.Debug|x86.ActiveCfg = Debug|x86
		{9E55F0C5-D9AE-46E7-86CD-32AAC79F7C69}.Debug|x86.Build.0 = Debug|x86
		{9E55F0C5-D9AE-46E7-86CD-32AAC79F7C69}.DebugNoSign|Any CPU.ActiveCfg = Debug|Any CPU
		{9E55F0C5-D9AE-46E7-86CD-32AAC79F7C69}.DebugNoSign|Any CPU.Build.0 = Debug|Any CPU
		{9E55F0C5-D9AE-46E7-86CD-32AAC79F7C69}.DebugNoSign|x86.ActiveCfg = Debug|Any CPU
		{9E55F0C5-D9AE-46E7-86CD-32AAC79F7C69}.Release|Any CPU.ActiveCfg = Release|Any CPU
		{9E55F0C5-D9AE-46E7-86CD-32AAC79F7C69}.Release|Any CPU.Build.0 = Release|Any CPU
		{9E55F0C5-D9AE-46E7-86CD-32AAC79F7C69}.Release|x86.ActiveCfg = Release|x86
		{9E55F0C5-D9AE-46E7-86CD-32AAC79F7C69}.Release|x86.Build.0 = Release|x86
		{9E55F0C5-D9AE-46E7-86CD-32AAC79F7C69}.ReleaseNoSign|Any CPU.ActiveCfg = Release|Any CPU
		{9E55F0C5-D9AE-46E7-86CD-32AAC79F7C69}.ReleaseNoSign|Any CPU.Build.0 = Release|Any CPU
		{9E55F0C5-D9AE-46E7-86CD-32AAC79F7C69}.ReleaseNoSign|x86.ActiveCfg = Release|Any CPU
		{FE3EC1D6-4A61-4E6D-915B-5EED8AE046D2}.Debug|Any CPU.ActiveCfg = Debug|Any CPU
		{FE3EC1D6-4A61-4E6D-915B-5EED8AE046D2}.Debug|Any CPU.Build.0 = Debug|Any CPU
		{FE3EC1D6-4A61-4E6D-915B-5EED8AE046D2}.Debug|x86.ActiveCfg = Debug|Any CPU
		{FE3EC1D6-4A61-4E6D-915B-5EED8AE046D2}.DebugNoSign|Any CPU.ActiveCfg = Debug|Any CPU
		{FE3EC1D6-4A61-4E6D-915B-5EED8AE046D2}.DebugNoSign|Any CPU.Build.0 = Debug|Any CPU
		{FE3EC1D6-4A61-4E6D-915B-5EED8AE046D2}.DebugNoSign|x86.ActiveCfg = Debug|Any CPU
		{FE3EC1D6-4A61-4E6D-915B-5EED8AE046D2}.Release|Any CPU.ActiveCfg = Release|Any CPU
		{FE3EC1D6-4A61-4E6D-915B-5EED8AE046D2}.Release|Any CPU.Build.0 = Release|Any CPU
		{FE3EC1D6-4A61-4E6D-915B-5EED8AE046D2}.Release|x86.ActiveCfg = Release|Any CPU
		{FE3EC1D6-4A61-4E6D-915B-5EED8AE046D2}.ReleaseNoSign|Any CPU.ActiveCfg = Release|Any CPU
		{FE3EC1D6-4A61-4E6D-915B-5EED8AE046D2}.ReleaseNoSign|Any CPU.Build.0 = Release|Any CPU
		{FE3EC1D6-4A61-4E6D-915B-5EED8AE046D2}.ReleaseNoSign|x86.ActiveCfg = Release|Any CPU
		{8D33449B-0BD8-4873-B872-0E91FA7EBC4B}.Debug|Any CPU.ActiveCfg = Debug|Any CPU
		{8D33449B-0BD8-4873-B872-0E91FA7EBC4B}.Debug|Any CPU.Build.0 = Debug|Any CPU
		{8D33449B-0BD8-4873-B872-0E91FA7EBC4B}.Debug|x86.ActiveCfg = Debug|Any CPU
		{8D33449B-0BD8-4873-B872-0E91FA7EBC4B}.DebugNoSign|Any CPU.ActiveCfg = Debug|Any CPU
		{8D33449B-0BD8-4873-B872-0E91FA7EBC4B}.DebugNoSign|Any CPU.Build.0 = Debug|Any CPU
		{8D33449B-0BD8-4873-B872-0E91FA7EBC4B}.DebugNoSign|x86.ActiveCfg = Debug|Any CPU
		{8D33449B-0BD8-4873-B872-0E91FA7EBC4B}.Release|Any CPU.ActiveCfg = Release|Any CPU
		{8D33449B-0BD8-4873-B872-0E91FA7EBC4B}.Release|Any CPU.Build.0 = Release|Any CPU
		{8D33449B-0BD8-4873-B872-0E91FA7EBC4B}.Release|x86.ActiveCfg = Release|Any CPU
		{8D33449B-0BD8-4873-B872-0E91FA7EBC4B}.ReleaseNoSign|Any CPU.ActiveCfg = Release|Any CPU
		{8D33449B-0BD8-4873-B872-0E91FA7EBC4B}.ReleaseNoSign|Any CPU.Build.0 = Release|Any CPU
		{8D33449B-0BD8-4873-B872-0E91FA7EBC4B}.ReleaseNoSign|x86.ActiveCfg = Release|Any CPU
		{B0E2A5B6-420C-4437-B995-9E31149078E6}.Debug|Any CPU.ActiveCfg = Debug|Any CPU
		{B0E2A5B6-420C-4437-B995-9E31149078E6}.Debug|Any CPU.Build.0 = Debug|Any CPU
		{B0E2A5B6-420C-4437-B995-9E31149078E6}.Debug|x86.ActiveCfg = Debug|Any CPU
		{B0E2A5B6-420C-4437-B995-9E31149078E6}.DebugNoSign|Any CPU.ActiveCfg = Debug|Any CPU
		{B0E2A5B6-420C-4437-B995-9E31149078E6}.DebugNoSign|Any CPU.Build.0 = Debug|Any CPU
		{B0E2A5B6-420C-4437-B995-9E31149078E6}.DebugNoSign|x86.ActiveCfg = Debug|Any CPU
		{B0E2A5B6-420C-4437-B995-9E31149078E6}.Release|Any CPU.ActiveCfg = Release|Any CPU
		{B0E2A5B6-420C-4437-B995-9E31149078E6}.Release|Any CPU.Build.0 = Release|Any CPU
		{B0E2A5B6-420C-4437-B995-9E31149078E6}.Release|x86.ActiveCfg = Release|Any CPU
		{B0E2A5B6-420C-4437-B995-9E31149078E6}.ReleaseNoSign|Any CPU.ActiveCfg = Release|Any CPU
		{B0E2A5B6-420C-4437-B995-9E31149078E6}.ReleaseNoSign|Any CPU.Build.0 = Release|Any CPU
		{B0E2A5B6-420C-4437-B995-9E31149078E6}.ReleaseNoSign|x86.ActiveCfg = Release|Any CPU
		{2E6A1FEF-EDC5-4588-99A0-A70EC237FB28}.Debug|Any CPU.ActiveCfg = Debug|Any CPU
		{2E6A1FEF-EDC5-4588-99A0-A70EC237FB28}.Debug|Any CPU.Build.0 = Debug|Any CPU
		{2E6A1FEF-EDC5-4588-99A0-A70EC237FB28}.Debug|x86.ActiveCfg = Debug|Any CPU
		{2E6A1FEF-EDC5-4588-99A0-A70EC237FB28}.DebugNoSign|Any CPU.ActiveCfg = Debug|Any CPU
		{2E6A1FEF-EDC5-4588-99A0-A70EC237FB28}.DebugNoSign|Any CPU.Build.0 = Debug|Any CPU
		{2E6A1FEF-EDC5-4588-99A0-A70EC237FB28}.DebugNoSign|x86.ActiveCfg = Debug|Any CPU
		{2E6A1FEF-EDC5-4588-99A0-A70EC237FB28}.Release|Any CPU.ActiveCfg = Release|Any CPU
		{2E6A1FEF-EDC5-4588-99A0-A70EC237FB28}.Release|Any CPU.Build.0 = Release|Any CPU
		{2E6A1FEF-EDC5-4588-99A0-A70EC237FB28}.Release|x86.ActiveCfg = Release|Any CPU
		{2E6A1FEF-EDC5-4588-99A0-A70EC237FB28}.ReleaseNoSign|Any CPU.ActiveCfg = Release|Any CPU
		{2E6A1FEF-EDC5-4588-99A0-A70EC237FB28}.ReleaseNoSign|Any CPU.Build.0 = Release|Any CPU
		{2E6A1FEF-EDC5-4588-99A0-A70EC237FB28}.ReleaseNoSign|x86.ActiveCfg = Release|Any CPU
	EndGlobalSection
	GlobalSection(SolutionProperties) = preSolution
		HideSolutionNode = FALSE
	EndGlobalSection
	GlobalSection(NestedProjects) = preSolution
		{AF21A720-B805-4F95-B872-068925A11BB5} = {634A7909-15C3-40BA-8A96-CEB8BD2EF99F}
		{9E55F0C5-D9AE-46E7-86CD-32AAC79F7C69} = {634A7909-15C3-40BA-8A96-CEB8BD2EF99F}
		{FE3EC1D6-4A61-4E6D-915B-5EED8AE046D2} = {634A7909-15C3-40BA-8A96-CEB8BD2EF99F}
		{8D33449B-0BD8-4873-B872-0E91FA7EBC4B} = {634A7909-15C3-40BA-8A96-CEB8BD2EF99F}
		{B0E2A5B6-420C-4437-B995-9E31149078E6} = {634A7909-15C3-40BA-8A96-CEB8BD2EF99F}
		{2E6A1FEF-EDC5-4588-99A0-A70EC237FB28} = {634A7909-15C3-40BA-8A96-CEB8BD2EF99F}
	EndGlobalSection
EndGlobal
